
Microsoft Visual Studio Solution File, Format Version 12.00
# Visual Studio Version 17
VisualStudioVersion = 17.6.33801.468
MinimumVisualStudioVersion = 10.0.40219.1
Project("{2150E333-8FDC-42A3-9474-1A3956D46DE8}") = "src", "src", "{A532950C-3736-4D68-96E4-3FFD8C847663}"
EndProject
Project("{2150E333-8FDC-42A3-9474-1A3956D46DE8}") = "test", "test", "{24AD1494-917A-43E7-8D8D-A383229F0CE9}"
EndProject
Project("{2150E333-8FDC-42A3-9474-1A3956D46DE8}") = "Core", "Core", "{D0AAAE29-D8C1-4BB7-8A17-F98FF2D15CD3}"
EndProject
Project("{2150E333-8FDC-42A3-9474-1A3956D46DE8}") = "API", "API", "{FF6BE415-FD1F-406F-A705-28BC85A23808}"
EndProject
Project("{2150E333-8FDC-42A3-9474-1A3956D46DE8}") = "Infrastructure", "Infrastructure", "{023DCFF9-D2F8-45EA-B2AE-EB532FB78B7C}"
EndProject
Project("{2150E333-8FDC-42A3-9474-1A3956D46DE8}") = "UI", "UI", "{B384132B-EC2D-4D3F-A77D-DF471CBECBD0}"
EndProject
Project("{9A19103F-16F7-4668-BE54-9A1E7A4F7556}") = "Cards.Domain", "Cards.Domain\Cards.Domain.csproj", "{AB049388-FCD7-402C-8CBA-C97AF9D76997}"
EndProject
Project("{9A19103F-16F7-4668-BE54-9A1E7A4F7556}") = "Cards.Application", "Cards.Application\Cards.Application.csproj", "{9F85C484-1608-49A7-B08D-4367ECBE3A40}"
EndProject
Project("{9A19103F-16F7-4668-BE54-9A1E7A4F7556}") = "Cards.Persistence", "Cards.Persistence\Cards.Persistence.csproj", "{90E763AC-F13B-4378-B03A-04166CF6424A}"
EndProject
Project("{9A19103F-16F7-4668-BE54-9A1E7A4F7556}") = "Cards.Infrastructure", "Cards.Infrastructure\Cards.Infrastructure.csproj", "{A6329C4E-21FE-4152-9D59-F90BD24BF15D}"
EndProject
Project("{9A19103F-16F7-4668-BE54-9A1E7A4F7556}") = "Cards.API", "Cards.API\Cards.API.csproj", "{7CD34444-7470-4312-BE2C-CAF9BE27F68C}"
EndProject
Project("{9A19103F-16F7-4668-BE54-9A1E7A4F7556}") = "Cards.Application.UnitTests", "Cards.Application.UnitTests\Cards.Application.UnitTests.csproj", "{5A51BD28-AEC4-4E64-B87E-9EEBFB2AD99D}"
EndProject
Project("{9A19103F-16F7-4668-BE54-9A1E7A4F7556}") = "Cards.Persistence.IntegrationTests", "Cards.Persistence.IntegrationTests\Cards.Persistence.IntegrationTests.csproj", "{3EB767F7-7B11-4965-B72E-48EE497CF351}"
EndProject
Project("{9A19103F-16F7-4668-BE54-9A1E7A4F7556}") = "CardsApplication.API.integrationTests", "CardsApplication.API.integrationTests\CardsApplication.API.integrationTests.csproj", "{58C40FB4-2747-409E-8FFB-D1BB70CD1ABE}"
EndProject
Project("{9A19103F-16F7-4668-BE54-9A1E7A4F7556}") = "Cards.Identity", "Cards.Identity\Cards.Identity.csproj", "{531BDE63-3E0F-4595-8E53-1FA735B27B83}"
EndProject
Project("{FAE04EC0-301F-11D3-BF4B-00C04F79EFBC}") = "Cards.Contracts", "Cards.Contracts\Cards.Contracts.csproj", "{F8F05B82-6395-4D56-84F2-A976089DC1B8}"
EndProject
Global
	GlobalSection(SolutionConfigurationPlatforms) = preSolution
		Debug|Any CPU = Debug|Any CPU
		Release|Any CPU = Release|Any CPU
	EndGlobalSection
	GlobalSection(ProjectConfigurationPlatforms) = postSolution
		{AB049388-FCD7-402C-8CBA-C97AF9D76997}.Debug|Any CPU.ActiveCfg = Debug|Any CPU
		{AB049388-FCD7-402C-8CBA-C97AF9D76997}.Debug|Any CPU.Build.0 = Debug|Any CPU
		{AB049388-FCD7-402C-8CBA-C97AF9D76997}.Release|Any CPU.ActiveCfg = Release|Any CPU
		{AB049388-FCD7-402C-8CBA-C97AF9D76997}.Release|Any CPU.Build.0 = Release|Any CPU
		{9F85C484-1608-49A7-B08D-4367ECBE3A40}.Debug|Any CPU.ActiveCfg = Debug|Any CPU
		{9F85C484-1608-49A7-B08D-4367ECBE3A40}.Debug|Any CPU.Build.0 = Debug|Any CPU
		{9F85C484-1608-49A7-B08D-4367ECBE3A40}.Release|Any CPU.ActiveCfg = Release|Any CPU
		{9F85C484-1608-49A7-B08D-4367ECBE3A40}.Release|Any CPU.Build.0 = Release|Any CPU
		{90E763AC-F13B-4378-B03A-04166CF6424A}.Debug|Any CPU.ActiveCfg = Debug|Any CPU
		{90E763AC-F13B-4378-B03A-04166CF6424A}.Debug|Any CPU.Build.0 = Debug|Any CPU
		{90E763AC-F13B-4378-B03A-04166CF6424A}.Release|Any CPU.ActiveCfg = Release|Any CPU
		{90E763AC-F13B-4378-B03A-04166CF6424A}.Release|Any CPU.Build.0 = Release|Any CPU
		{A6329C4E-21FE-4152-9D59-F90BD24BF15D}.Debug|Any CPU.ActiveCfg = Debug|Any CPU
		{A6329C4E-21FE-4152-9D59-F90BD24BF15D}.Debug|Any CPU.Build.0 = Debug|Any CPU
		{A6329C4E-21FE-4152-9D59-F90BD24BF15D}.Release|Any CPU.ActiveCfg = Release|Any CPU
		{A6329C4E-21FE-4152-9D59-F90BD24BF15D}.Release|Any CPU.Build.0 = Release|Any CPU
		{7CD34444-7470-4312-BE2C-CAF9BE27F68C}.Debug|Any CPU.ActiveCfg = Debug|Any CPU
		{7CD34444-7470-4312-BE2C-CAF9BE27F68C}.Debug|Any CPU.Build.0 = Debug|Any CPU
		{7CD34444-7470-4312-BE2C-CAF9BE27F68C}.Release|Any CPU.ActiveCfg = Release|Any CPU
		{7CD34444-7470-4312-BE2C-CAF9BE27F68C}.Release|Any CPU.Build.0 = Release|Any CPU
		{5A51BD28-AEC4-4E64-B87E-9EEBFB2AD99D}.Debug|Any CPU.ActiveCfg = Debug|Any CPU
		{5A51BD28-AEC4-4E64-B87E-9EEBFB2AD99D}.Debug|Any CPU.Build.0 = Debug|Any CPU
		{5A51BD28-AEC4-4E64-B87E-9EEBFB2AD99D}.Release|Any CPU.ActiveCfg = Release|Any CPU
		{5A51BD28-AEC4-4E64-B87E-9EEBFB2AD99D}.Release|Any CPU.Build.0 = Release|Any CPU
		{3EB767F7-7B11-4965-B72E-48EE497CF351}.Debug|Any CPU.ActiveCfg = Debug|Any CPU
		{3EB767F7-7B11-4965-B72E-48EE497CF351}.Debug|Any CPU.Build.0 = Debug|Any CPU
		{3EB767F7-7B11-4965-B72E-48EE497CF351}.Release|Any CPU.ActiveCfg = Release|Any CPU
		{3EB767F7-7B11-4965-B72E-48EE497CF351}.Release|Any CPU.Build.0 = Release|Any CPU
		{58C40FB4-2747-409E-8FFB-D1BB70CD1ABE}.Debug|Any CPU.ActiveCfg = Debug|Any CPU
		{58C40FB4-2747-409E-8FFB-D1BB70CD1ABE}.Debug|Any CPU.Build.0 = Debug|Any CPU
		{58C40FB4-2747-409E-8FFB-D1BB70CD1ABE}.Release|Any CPU.ActiveCfg = Release|Any CPU
		{58C40FB4-2747-409E-8FFB-D1BB70CD1ABE}.Release|Any CPU.Build.0 = Release|Any CPU
		{531BDE63-3E0F-4595-8E53-1FA735B27B83}.Debug|Any CPU.ActiveCfg = Debug|Any CPU
		{531BDE63-3E0F-4595-8E53-1FA735B27B83}.Debug|Any CPU.Build.0 = Debug|Any CPU
		{531BDE63-3E0F-4595-8E53-1FA735B27B83}.Release|Any CPU.ActiveCfg = Release|Any CPU
		{531BDE63-3E0F-4595-8E53-1FA735B27B83}.Release|Any CPU.Build.0 = Release|Any CPU
		{F8F05B82-6395-4D56-84F2-A976089DC1B8}.Debug|Any CPU.ActiveCfg = Debug|Any CPU
		{F8F05B82-6395-4D56-84F2-A976089DC1B8}.Debug|Any CPU.Build.0 = Debug|Any CPU
		{F8F05B82-6395-4D56-84F2-A976089DC1B8}.Release|Any CPU.ActiveCfg = Release|Any CPU
		{F8F05B82-6395-4D56-84F2-A976089DC1B8}.Release|Any CPU.Build.0 = Release|Any CPU
	EndGlobalSection
	GlobalSection(SolutionProperties) = preSolution
		HideSolutionNode = FALSE
	EndGlobalSection
	GlobalSection(NestedProjects) = preSolution
		{D0AAAE29-D8C1-4BB7-8A17-F98FF2D15CD3} = {A532950C-3736-4D68-96E4-3FFD8C847663}
		{FF6BE415-FD1F-406F-A705-28BC85A23808} = {A532950C-3736-4D68-96E4-3FFD8C847663}
		{023DCFF9-D2F8-45EA-B2AE-EB532FB78B7C} = {A532950C-3736-4D68-96E4-3FFD8C847663}
		{B384132B-EC2D-4D3F-A77D-DF471CBECBD0} = {A532950C-3736-4D68-96E4-3FFD8C847663}
		{AB049388-FCD7-402C-8CBA-C97AF9D76997} = {D0AAAE29-D8C1-4BB7-8A17-F98FF2D15CD3}
		{9F85C484-1608-49A7-B08D-4367ECBE3A40} = {D0AAAE29-D8C1-4BB7-8A17-F98FF2D15CD3}
		{90E763AC-F13B-4378-B03A-04166CF6424A} = {023DCFF9-D2F8-45EA-B2AE-EB532FB78B7C}
		{A6329C4E-21FE-4152-9D59-F90BD24BF15D} = {023DCFF9-D2F8-45EA-B2AE-EB532FB78B7C}
		{7CD34444-7470-4312-BE2C-CAF9BE27F68C} = {FF6BE415-FD1F-406F-A705-28BC85A23808}
		{5A51BD28-AEC4-4E64-B87E-9EEBFB2AD99D} = {24AD1494-917A-43E7-8D8D-A383229F0CE9}
		{3EB767F7-7B11-4965-B72E-48EE497CF351} = {24AD1494-917A-43E7-8D8D-A383229F0CE9}
		{58C40FB4-2747-409E-8FFB-D1BB70CD1ABE} = {24AD1494-917A-43E7-8D8D-A383229F0CE9}
		{531BDE63-3E0F-4595-8E53-1FA735B27B83} = {023DCFF9-D2F8-45EA-B2AE-EB532FB78B7C}
		{F8F05B82-6395-4D56-84F2-A976089DC1B8} = {FF6BE415-FD1F-406F-A705-28BC85A23808}
	EndGlobalSection
	GlobalSection(ExtensibilityGlobals) = postSolution
		SolutionGuid = {CE76AA46-1AC2-47D1-98A4-F27B5411D6BA}
	EndGlobalSection
EndGlobal
